// !$*UTF8*$!
{
	archiveVersion = 1;
	classes = {
	};
	objectVersion = 50;
	objects = {

/* Begin PBXBuildFile section */
		7A67B3C6291930D30000779D /* AppDelegate.swift in Sources */ = {isa = PBXBuildFile; fileRef = 7A67B3C5291930D30000779D /* AppDelegate.swift */; };
		7A67B3C8291930D30000779D /* SceneDelegate.swift in Sources */ = {isa = PBXBuildFile; fileRef = 7A67B3C7291930D30000779D /* SceneDelegate.swift */; };
		7A67B3CA291930D30000779D /* ViewController.swift in Sources */ = {isa = PBXBuildFile; fileRef = 7A67B3C9291930D30000779D /* ViewController.swift */; };
		7A67B3CD291930D30000779D /* Main.storyboard in Resources */ = {isa = PBXBuildFile; fileRef = 7A67B3CB291930D30000779D /* Main.storyboard */; };
		7A67B3CF291930D50000779D /* Assets.xcassets in Resources */ = {isa = PBXBuildFile; fileRef = 7A67B3CE291930D50000779D /* Assets.xcassets */; };
		7A67B3D2291930D50000779D /* LaunchScreen.storyboard in Resources */ = {isa = PBXBuildFile; fileRef = 7A67B3D0291930D50000779D /* LaunchScreen.storyboard */; };
		7A67B3DD291930D50000779D /* TP_TodoListTests.swift in Sources */ = {isa = PBXBuildFile; fileRef = 7A67B3DC291930D50000779D /* TP_TodoListTests.swift */; };
		7A67B3E8291930D50000779D /* TP_TodoListUITests.swift in Sources */ = {isa = PBXBuildFile; fileRef = 7A67B3E7291930D50000779D /* TP_TodoListUITests.swift */; };
		7A67B3F9291933FA0000779D /* Todo.swift in Sources */ = {isa = PBXBuildFile; fileRef = 7A67B3F8291933FA0000779D /* Todo.swift */; };
		7A67B3FE2919470A0000779D /* TableViewCell.swift in Sources */ = {isa = PBXBuildFile; fileRef = 7A67B3FD2919470A0000779D /* TableViewCell.swift */; };
/* End PBXBuildFile section */

/* Begin PBXContainerItemProxy section */
		7A67B3D9291930D50000779D /* PBXContainerItemProxy */ = {
			isa = PBXContainerItemProxy;
			containerPortal = 7A67B3BA291930D30000779D /* Project object */;
			proxyType = 1;
			remoteGlobalIDString = 7A67B3C1291930D30000779D;
			remoteInfo = "TP-TodoList";
		};
		7A67B3E4291930D50000779D /* PBXContainerItemProxy */ = {
			isa = PBXContainerItemProxy;
			containerPortal = 7A67B3BA291930D30000779D /* Project object */;
			proxyType = 1;
			remoteGlobalIDString = 7A67B3C1291930D30000779D;
			remoteInfo = "TP-TodoList";
		};
/* End PBXContainerItemProxy section */

/* Begin PBXFileReference section */
		7A67B3C2291930D30000779D /* TP-TodoList.app */ = {isa = PBXFileReference; explicitFileType = wrapper.application; includeInIndex = 0; path = "TP-TodoList.app"; sourceTree = BUILT_PRODUCTS_DIR; };
		7A67B3C5291930D30000779D /* AppDelegate.swift */ = {isa = PBXFileReference; lastKnownFileType = sourcecode.swift; path = AppDelegate.swift; sourceTree = "<group>"; };
		7A67B3C7291930D30000779D /* SceneDelegate.swift */ = {isa = PBXFileReference; lastKnownFileType = sourcecode.swift; path = SceneDelegate.swift; sourceTree = "<group>"; };
		7A67B3C9291930D30000779D /* ViewController.swift */ = {isa = PBXFileReference; lastKnownFileType = sourcecode.swift; path = ViewController.swift; sourceTree = "<group>"; };
		7A67B3CC291930D30000779D /* Base */ = {isa = PBXFileReference; lastKnownFileType = file.storyboard; name = Base; path = Base.lproj/Main.storyboard; sourceTree = "<group>"; };
		7A67B3CE291930D50000779D /* Assets.xcassets */ = {isa = PBXFileReference; lastKnownFileType = folder.assetcatalog; path = Assets.xcassets; sourceTree = "<group>"; };
		7A67B3D1291930D50000779D /* Base */ = {isa = PBXFileReference; lastKnownFileType = file.storyboard; name = Base; path = Base.lproj/LaunchScreen.storyboard; sourceTree = "<group>"; };
		7A67B3D3291930D50000779D /* Info.plist */ = {isa = PBXFileReference; lastKnownFileType = text.plist.xml; path = Info.plist; sourceTree = "<group>"; };
		7A67B3D8291930D50000779D /* TP-TodoListTests.xctest */ = {isa = PBXFileReference; explicitFileType = wrapper.cfbundle; includeInIndex = 0; path = "TP-TodoListTests.xctest"; sourceTree = BUILT_PRODUCTS_DIR; };
		7A67B3DC291930D50000779D /* TP_TodoListTests.swift */ = {isa = PBXFileReference; lastKnownFileType = sourcecode.swift; path = TP_TodoListTests.swift; sourceTree = "<group>"; };
		7A67B3DE291930D50000779D /* Info.plist */ = {isa = PBXFileReference; lastKnownFileType = text.plist.xml; path = Info.plist; sourceTree = "<group>"; };
		7A67B3E3291930D50000779D /* TP-TodoListUITests.xctest */ = {isa = PBXFileReference; explicitFileType = wrapper.cfbundle; includeInIndex = 0; path = "TP-TodoListUITests.xctest"; sourceTree = BUILT_PRODUCTS_DIR; };
		7A67B3E7291930D50000779D /* TP_TodoListUITests.swift */ = {isa = PBXFileReference; lastKnownFileType = sourcecode.swift; path = TP_TodoListUITests.swift; sourceTree = "<group>"; };
		7A67B3E9291930D50000779D /* Info.plist */ = {isa = PBXFileReference; lastKnownFileType = text.plist.xml; path = Info.plist; sourceTree = "<group>"; };
		7A67B3F8291933FA0000779D /* Todo.swift */ = {isa = PBXFileReference; lastKnownFileType = sourcecode.swift; path = Todo.swift; sourceTree = "<group>"; };
		7A67B3FD2919470A0000779D /* TableViewCell.swift */ = {isa = PBXFileReference; lastKnownFileType = sourcecode.swift; path = TableViewCell.swift; sourceTree = "<group>"; };
/* End PBXFileReference section */

/* Begin PBXFrameworksBuildPhase section */
		7A67B3BF291930D30000779D /* Frameworks */ = {
			isa = PBXFrameworksBuildPhase;
			buildActionMask = 2147483647;
			files = (
			);
			runOnlyForDeploymentPostprocessing = 0;
		};
		7A67B3D5291930D50000779D /* Frameworks */ = {
			isa = PBXFrameworksBuildPhase;
			buildActionMask = 2147483647;
			files = (
			);
			runOnlyForDeploymentPostprocessing = 0;
		};
		7A67B3E0291930D50000779D /* Frameworks */ = {
			isa = PBXFrameworksBuildPhase;
			buildActionMask = 2147483647;
			files = (
			);
			runOnlyForDeploymentPostprocessing = 0;
		};
/* End PBXFrameworksBuildPhase section */

/* Begin PBXGroup section */
		7A67B3B9291930D30000779D = {
			isa = PBXGroup;
			children = (
				7A67B3C4291930D30000779D /* TP-TodoList */,
				7A67B3DB291930D50000779D /* TP-TodoListTests */,
				7A67B3E6291930D50000779D /* TP-TodoListUITests */,
				7A67B3C3291930D30000779D /* Products */,
			);
			sourceTree = "<group>";
		};
		7A67B3C3291930D30000779D /* Products */ = {
			isa = PBXGroup;
			children = (
				7A67B3C2291930D30000779D /* TP-TodoList.app */,
				7A67B3D8291930D50000779D /* TP-TodoListTests.xctest */,
				7A67B3E3291930D50000779D /* TP-TodoListUITests.xctest */,
			);
			name = Products;
			sourceTree = "<group>";
		};
		7A67B3C4291930D30000779D /* TP-TodoList */ = {
			isa = PBXGroup;
			children = (
				7A67B3C5291930D30000779D /* AppDelegate.swift */,
				7A67B3C7291930D30000779D /* SceneDelegate.swift */,
				7A67B3C9291930D30000779D /* ViewController.swift */,
				7A67B3FD2919470A0000779D /* TableViewCell.swift */,
				7A67B3CB291930D30000779D /* Main.storyboard */,
				7A67B3CE291930D50000779D /* Assets.xcassets */,
				7A67B3D0291930D50000779D /* LaunchScreen.storyboard */,
				7A67B3D3291930D50000779D /* Info.plist */,
				7A67B3F8291933FA0000779D /* Todo.swift */,
			);
			path = "TP-TodoList";
			sourceTree = "<group>";
		};
		7A67B3DB291930D50000779D /* TP-TodoListTests */ = {
			isa = PBXGroup;
			children = (
				7A67B3DC291930D50000779D /* TP_TodoListTests.swift */,
				7A67B3DE291930D50000779D /* Info.plist */,
			);
			path = "TP-TodoListTests";
			sourceTree = "<group>";
		};
		7A67B3E6291930D50000779D /* TP-TodoListUITests */ = {
			isa = PBXGroup;
			children = (
				7A67B3E7291930D50000779D /* TP_TodoListUITests.swift */,
				7A67B3E9291930D50000779D /* Info.plist */,
			);
			path = "TP-TodoListUITests";
			sourceTree = "<group>";
		};
/* End PBXGroup section */

/* Begin PBXNativeTarget section */
		7A67B3C1291930D30000779D /* TP-TodoList */ = {
			isa = PBXNativeTarget;
			buildConfigurationList = 7A67B3EC291930D50000779D /* Build configuration list for PBXNativeTarget "TP-TodoList" */;
			buildPhases = (
				7A67B3BE291930D30000779D /* Sources */,
				7A67B3BF291930D30000779D /* Frameworks */,
				7A67B3C0291930D30000779D /* Resources */,
			);
			buildRules = (
			);
			dependencies = (
			);
			name = "TP-TodoList";
			productName = "TP-TodoList";
			productReference = 7A67B3C2291930D30000779D /* TP-TodoList.app */;
			productType = "com.apple.product-type.application";
		};
		7A67B3D7291930D50000779D /* TP-TodoListTests */ = {
			isa = PBXNativeTarget;
			buildConfigurationList = 7A67B3EF291930D50000779D /* Build configuration list for PBXNativeTarget "TP-TodoListTests" */;
			buildPhases = (
				7A67B3D4291930D50000779D /* Sources */,
				7A67B3D5291930D50000779D /* Frameworks */,
				7A67B3D6291930D50000779D /* Resources */,
			);
			buildRules = (
			);
			dependencies = (
				7A67B3DA291930D50000779D /* PBXTargetDependency */,
			);
			name = "TP-TodoListTests";
			productName = "TP-TodoListTests";
			productReference = 7A67B3D8291930D50000779D /* TP-TodoListTests.xctest */;
			productType = "com.apple.product-type.bundle.unit-test";
		};
		7A67B3E2291930D50000779D /* TP-TodoListUITests */ = {
			isa = PBXNativeTarget;
			buildConfigurationList = 7A67B3F2291930D50000779D /* Build configuration list for PBXNativeTarget "TP-TodoListUITests" */;
			buildPhases = (
				7A67B3DF291930D50000779D /* Sources */,
				7A67B3E0291930D50000779D /* Frameworks */,
				7A67B3E1291930D50000779D /* Resources */,
			);
			buildRules = (
			);
			dependencies = (
				7A67B3E5291930D50000779D /* PBXTargetDependency */,
			);
			name = "TP-TodoListUITests";
			productName = "TP-TodoListUITests";
			productReference = 7A67B3E3291930D50000779D /* TP-TodoListUITests.xctest */;
			productType = "com.apple.product-type.bundle.ui-testing";
		};
/* End PBXNativeTarget section */

/* Begin PBXProject section */
		7A67B3BA291930D30000779D /* Project object */ = {
			isa = PBXProject;
			attributes = {
				LastSwiftUpdateCheck = 1200;
				LastUpgradeCheck = 1200;
				TargetAttributes = {
					7A67B3C1291930D30000779D = {
						CreatedOnToolsVersion = 12.0.1;
					};
					7A67B3D7291930D50000779D = {
						CreatedOnToolsVersion = 12.0.1;
						TestTargetID = 7A67B3C1291930D30000779D;
					};
					7A67B3E2291930D50000779D = {
						CreatedOnToolsVersion = 12.0.1;
						TestTargetID = 7A67B3C1291930D30000779D;
					};
				};
			};
			buildConfigurationList = 7A67B3BD291930D30000779D /* Build configuration list for PBXProject "TP-TodoList" */;
			compatibilityVersion = "Xcode 9.3";
			developmentRegion = en;
			hasScannedForEncodings = 0;
			knownRegions = (
				en,
				Base,
			);
			mainGroup = 7A67B3B9291930D30000779D;
			productRefGroup = 7A67B3C3291930D30000779D /* Products */;
			projectDirPath = "";
			projectRoot = "";
			targets = (
				7A67B3C1291930D30000779D /* TP-TodoList */,
				7A67B3D7291930D50000779D /* TP-TodoListTests */,
				7A67B3E2291930D50000779D /* TP-TodoListUITests */,
			);
		};
/* End PBXProject section */

/* Begin PBXResourcesBuildPhase section */
		7A67B3C0291930D30000779D /* Resources */ = {
			isa = PBXResourcesBuildPhase;
			buildActionMask = 2147483647;
			files = (
				7A67B3D2291930D50000779D /* LaunchScreen.storyboard in Resources */,
				7A67B3CF291930D50000779D /* Assets.xcassets in Resources */,
				7A67B3CD291930D30000779D /* Main.storyboard in Resources */,
			);
			runOnlyForDeploymentPostprocessing = 0;
		};
		7A67B3D6291930D50000779D /* Resources */ = {
			isa = PBXResourcesBuildPhase;
			buildActionMask = 2147483647;
			files = (
			);
			runOnlyForDeploymentPostprocessing = 0;
		};
		7A67B3E1291930D50000779D /* Resources */ = {
			isa = PBXResourcesBuildPhase;
			buildActionMask = 2147483647;
			files = (
			);
			runOnlyForDeploymentPostprocessing = 0;
		};
/* End PBXResourcesBuildPhase section */

/* Begin PBXSourcesBuildPhase section */
		7A67B3BE291930D30000779D /* Sources */ = {
			isa = PBXSourcesBuildPhase;
			buildActionMask = 2147483647;
			files = (
				7A67B3FE2919470A0000779D /* TableViewCell.swift in Sources */,
				7A67B3CA291930D30000779D /* ViewController.swift in Sources */,
				7A67B3C6291930D30000779D /* AppDelegate.swift in Sources */,
				7A67B3C8291930D30000779D /* SceneDelegate.swift in Sources */,
				7A67B3F9291933FA0000779D /* Todo.swift in Sources */,
			);
			runOnlyForDeploymentPostprocessing = 0;
		};
		7A67B3D4291930D50000779D /* Sources */ = {
			isa = PBXSourcesBuildPhase;
			buildActionMask = 2147483647;
			files = (
				7A67B3DD291930D50000779D /* TP_TodoListTests.swift in Sources */,
			);
			runOnlyForDeploymentPostprocessing = 0;
		};
		7A67B3DF291930D50000779D /* Sources */ = {
			isa = PBXSourcesBuildPhase;
			buildActionMask = 2147483647;
			files = (
				7A67B3E8291930D50000779D /* TP_TodoListUITests.swift in Sources */,
			);
			runOnlyForDeploymentPostprocessing = 0;
		};
/* End PBXSourcesBuildPhase section */

/* Begin PBXTargetDependency section */
		7A67B3DA291930D50000779D /* PBXTargetDependency */ = {
			isa = PBXTargetDependency;
			target = 7A67B3C1291930D30000779D /* TP-TodoList */;
			targetProxy = 7A67B3D9291930D50000779D /* PBXContainerItemProxy */;
		};
		7A67B3E5291930D50000779D /* PBXTargetDependency */ = {
			isa = PBXTargetDependency;
			target = 7A67B3C1291930D30000779D /* TP-TodoList */;
			targetProxy = 7A67B3E4291930D50000779D /* PBXContainerItemProxy */;
		};
/* End PBXTargetDependency section */

/* Begin PBXVariantGroup section */
		7A67B3CB291930D30000779D /* Main.storyboard */ = {
			isa = PBXVariantGroup;
			children = (
				7A67B3CC291930D30000779D /* Base */,
			);
			name = Main.storyboard;
			sourceTree = "<group>";
		};
		7A67B3D0291930D50000779D /* LaunchScreen.storyboard */ = {
			isa = PBXVariantGroup;
			children = (
				7A67B3D1291930D50000779D /* Base */,
			);
			name = LaunchScreen.storyboard;
			sourceTree = "<group>";
		};
/* End PBXVariantGroup section */

/* Begin XCBuildConfiguration section */
		7A67B3EA291930D50000779D /* Debug */ = {
			isa = XCBuildConfiguration;
			buildSettings = {
				ALWAYS_SEARCH_USER_PATHS = NO;
				CLANG_ANALYZER_NONNULL = YES;
				CLANG_ANALYZER_NUMBER_OBJECT_CONVERSION = YES_AGGRESSIVE;
				CLANG_CXX_LANGUAGE_STANDARD = "gnu++14";
				CLANG_CXX_LIBRARY = "libc++";
				CLANG_ENABLE_MODULES = YES;
				CLANG_ENABLE_OBJC_ARC = YES;
				CLANG_ENABLE_OBJC_WEAK = YES;
				CLANG_WARN_BLOCK_CAPTURE_AUTORELEASING = YES;
				CLANG_WARN_BOOL_CONVERSION = YES;
				CLANG_WARN_COMMA = YES;
				CLANG_WARN_CONSTANT_CONVERSION = YES;
				CLANG_WARN_DEPRECATED_OBJC_IMPLEMENTATIONS = YES;
				CLANG_WARN_DIRECT_OBJC_ISA_USAGE = YES_ERROR;
				CLANG_WARN_DOCUMENTATION_COMMENTS = YES;
				CLANG_WARN_EMPTY_BODY = YES;
				CLANG_WARN_ENUM_CONVERSION = YES;
				CLANG_WARN_INFINITE_RECURSION = YES;
				CLANG_WARN_INT_CONVERSION = YES;
				CLANG_WARN_NON_LITERAL_NULL_CONVERSION = YES;
				CLANG_WARN_OBJC_IMPLICIT_RETAIN_SELF = YES;
				CLANG_WARN_OBJC_LITERAL_CONVERSION = YES;
				CLANG_WARN_OBJC_ROOT_CLASS = YES_ERROR;
				CLANG_WARN_QUOTED_INCLUDE_IN_FRAMEWORK_HEADER = YES;
				CLANG_WARN_RANGE_LOOP_ANALYSIS = YES;
				CLANG_WARN_STRICT_PROTOTYPES = YES;
				CLANG_WARN_SUSPICIOUS_MOVE = YES;
				CLANG_WARN_UNGUARDED_AVAILABILITY = YES_AGGRESSIVE;
				CLANG_WARN_UNREACHABLE_CODE = YES;
				CLANG_WARN__DUPLICATE_METHOD_MATCH = YES;
				COPY_PHASE_STRIP = NO;
				DEBUG_INFORMATION_FORMAT = dwarf;
				ENABLE_STRICT_OBJC_MSGSEND = YES;
				ENABLE_TESTABILITY = YES;
				GCC_C_LANGUAGE_STANDARD = gnu11;
				GCC_DYNAMIC_NO_PIC = NO;
				GCC_NO_COMMON_BLOCKS = YES;
				GCC_OPTIMIZATION_LEVEL = 0;
				GCC_PREPROCESSOR_DEFINITIONS = (
					"DEBUG=1",
					"$(inherited)",
				);
				GCC_WARN_64_TO_32_BIT_CONVERSION = YES;
				GCC_WARN_ABOUT_RETURN_TYPE = YES_ERROR;
				GCC_WARN_UNDECLARED_SELECTOR = YES;
				GCC_WARN_UNINITIALIZED_AUTOS = YES_AGGRESSIVE;
				GCC_WARN_UNUSED_FUNCTION = YES;
				GCC_WARN_UNUSED_VARIABLE = YES;
				IPHONEOS_DEPLOYMENT_TARGET = 14.0;
				MTL_ENABLE_DEBUG_INFO = INCLUDE_SOURCE;
				MTL_FAST_MATH = YES;
				ONLY_ACTIVE_ARCH = YES;
				SDKROOT = iphoneos;
				SWIFT_ACTIVE_COMPILATION_CONDITIONS = DEBUG;
				SWIFT_OPTIMIZATION_LEVEL = "-Onone";
			};
			name = Debug;
		};
		7A67B3EB291930D50000779D /* Release */ = {
			isa = XCBuildConfiguration;
			buildSettings = {
				ALWAYS_SEARCH_USER_PATHS = NO;
				CLANG_ANALYZER_NONNULL = YES;
				CLANG_ANALYZER_NUMBER_OBJECT_CONVERSION = YES_AGGRESSIVE;
				CLANG_CXX_LANGUAGE_STANDARD = "gnu++14";
				CLANG_CXX_LIBRARY = "libc++";
				CLANG_ENABLE_MODULES = YES;
				CLANG_ENABLE_OBJC_ARC = YES;
				CLANG_ENABLE_OBJC_WEAK = YES;
				CLANG_WARN_BLOCK_CAPTURE_AUTORELEASING = YES;
				CLANG_WARN_BOOL_CONVERSION = YES;
				CLANG_WARN_COMMA = YES;
				CLANG_WARN_CONSTANT_CONVERSION = YES;
				CLANG_WARN_DEPRECATED_OBJC_IMPLEMENTATIONS = YES;
				CLANG_WARN_DIRECT_OBJC_ISA_USAGE = YES_ERROR;
				CLANG_WARN_DOCUMENTATION_COMMENTS = YES;
				CLANG_WARN_EMPTY_BODY = YES;
				CLANG_WARN_ENUM_CONVERSION = YES;
				CLANG_WARN_INFINITE_RECURSION = YES;
				CLANG_WARN_INT_CONVERSION = YES;
				CLANG_WARN_NON_LITERAL_NULL_CONVERSION = YES;
				CLANG_WARN_OBJC_IMPLICIT_RETAIN_SELF = YES;
				CLANG_WARN_OBJC_LITERAL_CONVERSION = YES;
				CLANG_WARN_OBJC_ROOT_CLASS = YES_ERROR;
				CLANG_WARN_QUOTED_INCLUDE_IN_FRAMEWORK_HEADER = YES;
				CLANG_WARN_RANGE_LOOP_ANALYSIS = YES;
				CLANG_WARN_STRICT_PROTOTYPES = YES;
				CLANG_WARN_SUSPICIOUS_MOVE = YES;
				CLANG_WARN_UNGUARDED_AVAILABILITY = YES_AGGRESSIVE;
				CLANG_WARN_UNREACHABLE_CODE = YES;
				CLANG_WARN__DUPLICATE_METHOD_MATCH = YES;
				COPY_PHASE_STRIP = NO;
				DEBUG_INFORMATION_FORMAT = "dwarf-with-dsym";
				ENABLE_NS_ASSERTIONS = NO;
				ENABLE_STRICT_OBJC_MSGSEND = YES;
				GCC_C_LANGUAGE_STANDARD = gnu11;
				GCC_NO_COMMON_BLOCKS = YES;
				GCC_WARN_64_TO_32_BIT_CONVERSION = YES;
				GCC_WARN_ABOUT_RETURN_TYPE = YES_ERROR;
				GCC_WARN_UNDECLARED_SELECTOR = YES;
				GCC_WARN_UNINITIALIZED_AUTOS = YES_AGGRESSIVE;
				GCC_WARN_UNUSED_FUNCTION = YES;
				GCC_WARN_UNUSED_VARIABLE = YES;
				IPHONEOS_DEPLOYMENT_TARGET = 14.0;
				MTL_ENABLE_DEBUG_INFO = NO;
				MTL_FAST_MATH = YES;
				SDKROOT = iphoneos;
				SWIFT_COMPILATION_MODE = wholemodule;
				SWIFT_OPTIMIZATION_LEVEL = "-O";
				VALIDATE_PRODUCT = YES;
			};
			name = Release;
		};
		7A67B3ED291930D50000779D /* Debug */ = {
			isa = XCBuildConfiguration;
			buildSettings = {
				ASSETCATALOG_COMPILER_APPICON_NAME = AppIcon;
				ASSETCATALOG_COMPILER_GLOBAL_ACCENT_COLOR_NAME = AccentColor;
				CODE_SIGN_STYLE = Automatic;
				INFOPLIST_FILE = "TP-TodoList/Info.plist";
				LD_RUNPATH_SEARCH_PATHS = (
					"$(inherited)",
					"@executable_path/Frameworks",
				);
				PRODUCT_BUNDLE_IDENTIFIER = "lesestre.TP-TodoList";
				PRODUCT_NAME = "$(TARGET_NAME)";
				SWIFT_VERSION = 5.0;
				TARGETED_DEVICE_FAMILY = "1,2";
			};
			name = Debug;
		};
		7A67B3EE291930D50000779D /* Release */ = {
			isa = XCBuildConfiguration;
			buildSettings = {
				ASSETCATALOG_COMPILER_APPICON_NAME = AppIcon;
				ASSETCATALOG_COMPILER_GLOBAL_ACCENT_COLOR_NAME = AccentColor;
				CODE_SIGN_STYLE = Automatic;
				INFOPLIST_FILE = "TP-TodoList/Info.plist";
				LD_RUNPATH_SEARCH_PATHS = (
					"$(inherited)",
					"@executable_path/Frameworks",
				);
				PRODUCT_BUNDLE_IDENTIFIER = "lesestre.TP-TodoList";
				PRODUCT_NAME = "$(TARGET_NAME)";
				SWIFT_VERSION = 5.0;
				TARGETED_DEVICE_FAMILY = "1,2";
			};
			name = Release;
		};
		7A67B3F0291930D50000779D /* Debug */ = {
			isa = XCBuildConfiguration;
			buildSettings = {
				ALWAYS_EMBED_SWIFT_STANDARD_LIBRARIES = YES;
				BUNDLE_LOADER = "$(TEST_HOST)";
				CODE_SIGN_STYLE = Automatic;
				INFOPLIST_FILE = "TP-TodoListTests/Info.plist";
				IPHONEOS_DEPLOYMENT_TARGET = 14.0;
				LD_RUNPATH_SEARCH_PATHS = (
					"$(inherited)",
					"@executable_path/Frameworks",
					"@loader_path/Frameworks",
				);
				PRODUCT_BUNDLE_IDENTIFIER = "lesestre.TP-TodoListTests";
				PRODUCT_NAME = "$(TARGET_NAME)";
				SWIFT_VERSION = 5.0;
				TARGETED_DEVICE_FAMILY = "1,2";
				TEST_HOST = "$(BUILT_PRODUCTS_DIR)/TP-TodoList.app/TP-TodoList";
			};
			name = Debug;
		};
		7A67B3F1291930D50000779D /* Release */ = {
			isa = XCBuildConfiguration;
			buildSettings = {
				ALWAYS_EMBED_SWIFT_STANDARD_LIBRARIES = YES;
				BUNDLE_LOADER = "$(TEST_HOST)";
				CODE_SIGN_STYLE = Automatic;
				INFOPLIST_FILE = "TP-TodoListTests/Info.plist";
				IPHONEOS_DEPLOYMENT_TARGET = 14.0;
				LD_RUNPATH_SEARCH_PATHS = (
					"$(inherited)",
					"@executable_path/Frameworks",
					"@loader_path/Frameworks",
				);
				PRODUCT_BUNDLE_IDENTIFIER = "lesestre.TP-TodoListTests";
				PRODUCT_NAME = "$(TARGET_NAME)";
				SWIFT_VERSION = 5.0;
				TARGETED_DEVICE_FAMILY = "1,2";
				TEST_HOST = "$(BUILT_PRODUCTS_DIR)/TP-TodoList.app/TP-TodoList";
			};
			name = Release;
		};
		7A67B3F3291930D50000779D /* Debug */ = {
			isa = XCBuildConfiguration;
			buildSettings = {
				ALWAYS_EMBED_SWIFT_STANDARD_LIBRARIES = YES;
				CODE_SIGN_STYLE = Automatic;
				INFOPLIST_FILE = "TP-TodoListUITests/Info.plist";
				LD_RUNPATH_SEARCH_PATHS = (
					"$(inherited)",
					"@executable_path/Frameworks",
					"@loader_path/Frameworks",
				);
				PRODUCT_BUNDLE_IDENTIFIER = "lesestre.TP-TodoListUITests";
				PRODUCT_NAME = "$(TARGET_NAME)";
				SWIFT_VERSION = 5.0;
				TARGETED_DEVICE_FAMILY = "1,2";
				TEST_TARGET_NAME = "TP-TodoList";
			};
			name = Debug;
		};
		7A67B3F4291930D50000779D /* Release */ = {
			isa = XCBuildConfiguration;
			buildSettings = {
				ALWAYS_EMBED_SWIFT_STANDARD_LIBRARIES = YES;
				CODE_SIGN_STYLE = Automatic;
				INFOPLIST_FILE = "TP-TodoListUITests/Info.plist";
				LD_RUNPATH_SEARCH_PATHS = (
					"$(inherited)",
					"@executable_path/Frameworks",
					"@loader_path/Frameworks",
				);
				PRODUCT_BUNDLE_IDENTIFIER = "lesestre.TP-TodoListUITests";
				PRODUCT_NAME = "$(TARGET_NAME)";
				SWIFT_VERSION = 5.0;
				TARGETED_DEVICE_FAMILY = "1,2";
				TEST_TARGET_NAME = "TP-TodoList";
			};
			name = Release;
		};
/* End XCBuildConfiguration section */

/* Begin XCConfigurationList section */
		7A67B3BD291930D30000779D /* Build configuration list for PBXProject "TP-TodoList" */ = {
			isa = XCConfigurationList;
			buildConfigurations = (
				7A67B3EA291930D50000779D /* Debug */,
				7A67B3EB291930D50000779D /* Release */,
			);
			defaultConfigurationIsVisible = 0;
			defaultConfigurationName = Release;
		};
		7A67B3EC291930D50000779D /* Build configuration list for PBXNativeTarget "TP-TodoList" */ = {
			isa = XCConfigurationList;
			buildConfigurations = (
				7A67B3ED291930D50000779D /* Debug */,
				7A67B3EE291930D50000779D /* Release */,
			);
			defaultConfigurationIsVisible = 0;
			defaultConfigurationName = Release;
		};
		7A67B3EF291930D50000779D /* Build configuration list for PBXNativeTarget "TP-TodoListTests" */ = {
			isa = XCConfigurationList;
			buildConfigurations = (
				7A67B3F0291930D50000779D /* Debug */,
				7A67B3F1291930D50000779D /* Release */,
			);
			defaultConfigurationIsVisible = 0;
			defaultConfigurationName = Release;
		};
		7A67B3F2291930D50000779D /* Build configuration list for PBXNativeTarget "TP-TodoListUITests" */ = {
			isa = XCConfigurationList;
			buildConfigurations = (
				7A67B3F3291930D50000779D /* Debug */,
				7A67B3F4291930D50000779D /* Release */,
			);
			defaultConfigurationIsVisible = 0;
			defaultConfigurationName = Release;
		};
/* End XCConfigurationList section */
	};
	rootObject = 7A67B3BA291930D30000779D /* Project object */;
}
